// !$*UTF8*$!
{
	archiveVersion = 1;
	classes = {
	};
	objectVersion = 51;
	objects = {

/* Begin PBXBuildFile section */
		53AB3E4A9DE71EE42C194D55 /* Pods_Quick_Fitness.framework in Frameworks */ = {isa = PBXBuildFile; fileRef = AD5E8BA004CA3D793790DFD4 /* Pods_Quick_Fitness.framework */; };
		A527EC66249C1BE300C360FE /* AppDelegate.swift in Sources */ = {isa = PBXBuildFile; fileRef = A527EC65249C1BE300C360FE /* AppDelegate.swift */; };
		A527EC68249C1BE300C360FE /* SceneDelegate.swift in Sources */ = {isa = PBXBuildFile; fileRef = A527EC67249C1BE300C360FE /* SceneDelegate.swift */; };
		A527EC6A249C1BE300C360FE /* ViewController.swift in Sources */ = {isa = PBXBuildFile; fileRef = A527EC69249C1BE300C360FE /* ViewController.swift */; };
		A527EC6D249C1BE300C360FE /* Main.storyboard in Resources */ = {isa = PBXBuildFile; fileRef = A527EC6B249C1BE300C360FE /* Main.storyboard */; };
		A527EC70249C1BE300C360FE /* Quick_Fitness.xcdatamodeld in Sources */ = {isa = PBXBuildFile; fileRef = A527EC6E249C1BE300C360FE /* Quick_Fitness.xcdatamodeld */; };
		A527EC72249C1BE500C360FE /* Assets.xcassets in Resources */ = {isa = PBXBuildFile; fileRef = A527EC71249C1BE500C360FE /* Assets.xcassets */; };
		A527EC75249C1BE500C360FE /* LaunchScreen.storyboard in Resources */ = {isa = PBXBuildFile; fileRef = A527EC73249C1BE500C360FE /* LaunchScreen.storyboard */; };
		A527EC7D249C1CA000C360FE /* RoutineMaker.swift in Sources */ = {isa = PBXBuildFile; fileRef = A527EC7C249C1CA000C360FE /* RoutineMaker.swift */; };
		A527EC83249C222100C360FE /* ExerciseMaker.swift in Sources */ = {isa = PBXBuildFile; fileRef = A527EC82249C222100C360FE /* ExerciseMaker.swift */; };
		A527EC85249C24B800C360FE /* ExerciseSelector.swift in Sources */ = {isa = PBXBuildFile; fileRef = A527EC84249C24B800C360FE /* ExerciseSelector.swift */; };
		A527EC87249C293E00C360FE /* Planner.swift in Sources */ = {isa = PBXBuildFile; fileRef = A527EC86249C293E00C360FE /* Planner.swift */; };
		A531B325249D610B00937344 /* MyRoutines.swift in Sources */ = {isa = PBXBuildFile; fileRef = A531B324249D610B00937344 /* MyRoutines.swift */; };
		A566F7A524B50F840051570F /* Routine+CoreDataClass.swift in Sources */ = {isa = PBXBuildFile; fileRef = A566F7A124B50F840051570F /* Routine+CoreDataClass.swift */; };
		A566F7A624B50F840051570F /* Routine+CoreDataProperties.swift in Sources */ = {isa = PBXBuildFile; fileRef = A566F7A224B50F840051570F /* Routine+CoreDataProperties.swift */; };
		A566F7AA24B518F90051570F /* AddsExercises.swift in Sources */ = {isa = PBXBuildFile; fileRef = A566F7A924B518F90051570F /* AddsExercises.swift */; };
		A5B7C61924B3B73200A667A6 /* CoreDataManager.swift in Sources */ = {isa = PBXBuildFile; fileRef = A5B7C61824B3B73200A667A6 /* CoreDataManager.swift */; };
		A5B7C64824B3CEA900A667A6 /* Exercise+CoreDataClass.swift in Sources */ = {isa = PBXBuildFile; fileRef = A5B7C64224B3CEA900A667A6 /* Exercise+CoreDataClass.swift */; };
		A5B7C64924B3CEA900A667A6 /* Exercise+CoreDataProperties.swift in Sources */ = {isa = PBXBuildFile; fileRef = A5B7C64324B3CEA900A667A6 /* Exercise+CoreDataProperties.swift */; };
		A5CB288C24B3D4E500AFB7FA /* SettingsTableViewController.swift in Sources */ = {isa = PBXBuildFile; fileRef = A5CB288B24B3D4E500AFB7FA /* SettingsTableViewController.swift */; };
		A5CB289024B3DBD900AFB7FA /* Settings+CoreDataProperties.swift in Sources */ = {isa = PBXBuildFile; fileRef = A5CB288D24B3DBD900AFB7FA /* Settings+CoreDataProperties.swift */; };
		A5CB289124B3DBD900AFB7FA /* Settings+CoreDataClass.swift in Sources */ = {isa = PBXBuildFile; fileRef = A5CB288E24B3DBD900AFB7FA /* Settings+CoreDataClass.swift */; };
/* End PBXBuildFile section */

/* Begin PBXFileReference section */
		41F13AFE183C73E46F69A8B0 /* Pods-Quick Fitness.release.xcconfig */ = {isa = PBXFileReference; includeInIndex = 1; lastKnownFileType = text.xcconfig; name = "Pods-Quick Fitness.release.xcconfig"; path = "Target Support Files/Pods-Quick Fitness/Pods-Quick Fitness.release.xcconfig"; sourceTree = "<group>"; };
		5B709DB07325F9975368ADD9 /* Pods-Quick Fitness.debug.xcconfig */ = {isa = PBXFileReference; includeInIndex = 1; lastKnownFileType = text.xcconfig; name = "Pods-Quick Fitness.debug.xcconfig"; path = "Target Support Files/Pods-Quick Fitness/Pods-Quick Fitness.debug.xcconfig"; sourceTree = "<group>"; };
		5E6D2AAB08C8570C07322A08 /* Pods-ReciPlan.release.xcconfig */ = {isa = PBXFileReference; includeInIndex = 1; lastKnownFileType = text.xcconfig; name = "Pods-ReciPlan.release.xcconfig"; path = "Target Support Files/Pods-ReciPlan/Pods-ReciPlan.release.xcconfig"; sourceTree = "<group>"; };
		A527EC62249C1BE300C360FE /* Quick Fitness.app */ = {isa = PBXFileReference; explicitFileType = wrapper.application; includeInIndex = 0; path = "Quick Fitness.app"; sourceTree = BUILT_PRODUCTS_DIR; };
		A527EC65249C1BE300C360FE /* AppDelegate.swift */ = {isa = PBXFileReference; lastKnownFileType = sourcecode.swift; path = AppDelegate.swift; sourceTree = "<group>"; };
		A527EC67249C1BE300C360FE /* SceneDelegate.swift */ = {isa = PBXFileReference; lastKnownFileType = sourcecode.swift; path = SceneDelegate.swift; sourceTree = "<group>"; };
		A527EC69249C1BE300C360FE /* ViewController.swift */ = {isa = PBXFileReference; lastKnownFileType = sourcecode.swift; path = ViewController.swift; sourceTree = "<group>"; };
		A527EC6C249C1BE300C360FE /* Base */ = {isa = PBXFileReference; lastKnownFileType = file.storyboard; name = Base; path = Base.lproj/Main.storyboard; sourceTree = "<group>"; };
		A527EC6F249C1BE300C360FE /* ReciPlan.xcdatamodel */ = {isa = PBXFileReference; lastKnownFileType = wrapper.xcdatamodel; path = ReciPlan.xcdatamodel; sourceTree = "<group>"; };
		A527EC71249C1BE500C360FE /* Assets.xcassets */ = {isa = PBXFileReference; lastKnownFileType = folder.assetcatalog; path = Assets.xcassets; sourceTree = "<group>"; };
		A527EC74249C1BE500C360FE /* Base */ = {isa = PBXFileReference; lastKnownFileType = file.storyboard; name = Base; path = Base.lproj/LaunchScreen.storyboard; sourceTree = "<group>"; };
		A527EC76249C1BE500C360FE /* Info.plist */ = {isa = PBXFileReference; lastKnownFileType = text.plist.xml; path = Info.plist; sourceTree = "<group>"; };
		A527EC7C249C1CA000C360FE /* RoutineMaker.swift */ = {isa = PBXFileReference; lastKnownFileType = sourcecode.swift; path = RoutineMaker.swift; sourceTree = "<group>"; };
		A527EC82249C222100C360FE /* ExerciseMaker.swift */ = {isa = PBXFileReference; lastKnownFileType = sourcecode.swift; path = ExerciseMaker.swift; sourceTree = "<group>"; };
		A527EC84249C24B800C360FE /* ExerciseSelector.swift */ = {isa = PBXFileReference; lastKnownFileType = sourcecode.swift; path = ExerciseSelector.swift; sourceTree = "<group>"; };
		A527EC86249C293E00C360FE /* Planner.swift */ = {isa = PBXFileReference; lastKnownFileType = sourcecode.swift; path = Planner.swift; sourceTree = "<group>"; };
		A531B324249D610B00937344 /* MyRoutines.swift */ = {isa = PBXFileReference; lastKnownFileType = sourcecode.swift; path = MyRoutines.swift; sourceTree = "<group>"; };
		A566F7A124B50F840051570F /* Routine+CoreDataClass.swift */ = {isa = PBXFileReference; lastKnownFileType = sourcecode.swift; path = "Routine+CoreDataClass.swift"; sourceTree = "<group>"; };
		A566F7A224B50F840051570F /* Routine+CoreDataProperties.swift */ = {isa = PBXFileReference; lastKnownFileType = sourcecode.swift; path = "Routine+CoreDataProperties.swift"; sourceTree = "<group>"; };
		A566F7A924B518F90051570F /* AddsExercises.swift */ = {isa = PBXFileReference; lastKnownFileType = sourcecode.swift; path = AddsExercises.swift; sourceTree = "<group>"; };
		A5B7C61824B3B73200A667A6 /* CoreDataManager.swift */ = {isa = PBXFileReference; lastKnownFileType = sourcecode.swift; path = CoreDataManager.swift; sourceTree = "<group>"; };
		A5B7C64224B3CEA900A667A6 /* Exercise+CoreDataClass.swift */ = {isa = PBXFileReference; lastKnownFileType = sourcecode.swift; path = "Exercise+CoreDataClass.swift"; sourceTree = "<group>"; };
		A5B7C64324B3CEA900A667A6 /* Exercise+CoreDataProperties.swift */ = {isa = PBXFileReference; lastKnownFileType = sourcecode.swift; path = "Exercise+CoreDataProperties.swift"; sourceTree = "<group>"; };
		A5CB288B24B3D4E500AFB7FA /* SettingsTableViewController.swift */ = {isa = PBXFileReference; lastKnownFileType = sourcecode.swift; path = SettingsTableViewController.swift; sourceTree = "<group>"; };
		A5CB288D24B3DBD900AFB7FA /* Settings+CoreDataProperties.swift */ = {isa = PBXFileReference; lastKnownFileType = sourcecode.swift; path = "Settings+CoreDataProperties.swift"; sourceTree = "<group>"; };
		A5CB288E24B3DBD900AFB7FA /* Settings+CoreDataClass.swift */ = {isa = PBXFileReference; lastKnownFileType = sourcecode.swift; path = "Settings+CoreDataClass.swift"; sourceTree = "<group>"; };
		AD5E8BA004CA3D793790DFD4 /* Pods_Quick_Fitness.framework */ = {isa = PBXFileReference; explicitFileType = wrapper.framework; includeInIndex = 0; path = Pods_Quick_Fitness.framework; sourceTree = BUILT_PRODUCTS_DIR; };
		B47FFAA80F82B18E67604002 /* Pods-ReciPlan.debug.xcconfig */ = {isa = PBXFileReference; includeInIndex = 1; lastKnownFileType = text.xcconfig; name = "Pods-ReciPlan.debug.xcconfig"; path = "Target Support Files/Pods-ReciPlan/Pods-ReciPlan.debug.xcconfig"; sourceTree = "<group>"; };
/* End PBXFileReference section */

/* Begin PBXFrameworksBuildPhase section */
		A527EC5F249C1BE300C360FE /* Frameworks */ = {
			isa = PBXFrameworksBuildPhase;
			buildActionMask = 2147483647;
			files = (
				53AB3E4A9DE71EE42C194D55 /* Pods_Quick_Fitness.framework in Frameworks */,
			);
			runOnlyForDeploymentPostprocessing = 0;
		};
/* End PBXFrameworksBuildPhase section */

/* Begin PBXGroup section */
		4D2EF964164AED2D39AC8A69 /* Frameworks */ = {
			isa = PBXGroup;
			children = (
				AD5E8BA004CA3D793790DFD4 /* Pods_Quick_Fitness.framework */,
			);
			name = Frameworks;
			sourceTree = "<group>";
		};
		4F5214B51784640F063A6402 /* Pods */ = {
			isa = PBXGroup;
			children = (
				B47FFAA80F82B18E67604002 /* Pods-ReciPlan.debug.xcconfig */,
				5E6D2AAB08C8570C07322A08 /* Pods-ReciPlan.release.xcconfig */,
				5B709DB07325F9975368ADD9 /* Pods-Quick Fitness.debug.xcconfig */,
				41F13AFE183C73E46F69A8B0 /* Pods-Quick Fitness.release.xcconfig */,
			);
			path = Pods;
			sourceTree = "<group>";
		};
		A527EC59249C1BE300C360FE = {
			isa = PBXGroup;
			children = (
				A527EC64249C1BE300C360FE /* Quick Fitness */,
				A527EC63249C1BE300C360FE /* Products */,
				4F5214B51784640F063A6402 /* Pods */,
				4D2EF964164AED2D39AC8A69 /* Frameworks */,
			);
			sourceTree = "<group>";
		};
		A527EC63249C1BE300C360FE /* Products */ = {
			isa = PBXGroup;
			children = (
				A527EC62249C1BE300C360FE /* Quick Fitness.app */,
			);
			name = Products;
			sourceTree = "<group>";
		};
		A527EC64249C1BE300C360FE /* Quick Fitness */ = {
			isa = PBXGroup;
			children = (
				A566F7A124B50F840051570F /* Routine+CoreDataClass.swift */,
				A566F7A224B50F840051570F /* Routine+CoreDataProperties.swift */,
				A5CB288D24B3DBD900AFB7FA /* Settings+CoreDataProperties.swift */,
				A5CB288E24B3DBD900AFB7FA /* Settings+CoreDataClass.swift */,
				A5B7C64224B3CEA900A667A6 /* Exercise+CoreDataClass.swift */,
				A5B7C64324B3CEA900A667A6 /* Exercise+CoreDataProperties.swift */,
				A527EC65249C1BE300C360FE /* AppDelegate.swift */,
				A527EC67249C1BE300C360FE /* SceneDelegate.swift */,
				A527EC69249C1BE300C360FE /* ViewController.swift */,
				A527EC6B249C1BE300C360FE /* Main.storyboard */,
				A5CB288B24B3D4E500AFB7FA /* SettingsTableViewController.swift */,
				A5B7C61824B3B73200A667A6 /* CoreDataManager.swift */,
				A531B324249D610B00937344 /* MyRoutines.swift */,
				A527EC86249C293E00C360FE /* Planner.swift */,
				A527EC84249C24B800C360FE /* ExerciseSelector.swift */,
				A527EC82249C222100C360FE /* ExerciseMaker.swift */,
				A566F7A924B518F90051570F /* AddsExercises.swift */,
				A527EC7C249C1CA000C360FE /* RoutineMaker.swift */,
				A527EC71249C1BE500C360FE /* Assets.xcassets */,
				A527EC73249C1BE500C360FE /* LaunchScreen.storyboard */,
				A527EC76249C1BE500C360FE /* Info.plist */,
				A527EC6E249C1BE300C360FE /* Quick_Fitness.xcdatamodeld */,
			);
			path = "Quick Fitness";
			sourceTree = "<group>";
		};
/* End PBXGroup section */

/* Begin PBXNativeTarget section */
		A527EC61249C1BE300C360FE /* Quick Fitness */ = {
			isa = PBXNativeTarget;
			buildConfigurationList = A527EC79249C1BE500C360FE /* Build configuration list for PBXNativeTarget "Quick Fitness" */;
			buildPhases = (
				C0989D9B5BABC50EF7A51AD8 /* [CP] Check Pods Manifest.lock */,
				A527EC5E249C1BE300C360FE /* Sources */,
				A527EC5F249C1BE300C360FE /* Frameworks */,
				A527EC60249C1BE300C360FE /* Resources */,
				A85D82B55302715FC3A720BD /* [CP] Embed Pods Frameworks */,
			);
			buildRules = (
			);
			dependencies = (
			);
			name = "Quick Fitness";
			productName = ReciPlan;
			productReference = A527EC62249C1BE300C360FE /* Quick Fitness.app */;
			productType = "com.apple.product-type.application";
		};
/* End PBXNativeTarget section */

/* Begin PBXProject section */
		A527EC5A249C1BE300C360FE /* Project object */ = {
			isa = PBXProject;
			attributes = {
				LastSwiftUpdateCheck = 1150;
				LastUpgradeCheck = 1150;
				ORGANIZATIONNAME = "Andrew Hill";
				TargetAttributes = {
					A527EC61249C1BE300C360FE = {
						CreatedOnToolsVersion = 11.5;
					};
				};
			};
			buildConfigurationList = A527EC5D249C1BE300C360FE /* Build configuration list for PBXProject "Quick Fitness" */;
			compatibilityVersion = "Xcode 9.3";
			developmentRegion = en;
			hasScannedForEncodings = 0;
			knownRegions = (
				en,
				Base,
			);
			mainGroup = A527EC59249C1BE300C360FE;
			productRefGroup = A527EC63249C1BE300C360FE /* Products */;
			projectDirPath = "";
			projectRoot = "";
			targets = (
				A527EC61249C1BE300C360FE /* Quick Fitness */,
			);
		};
/* End PBXProject section */

/* Begin PBXResourcesBuildPhase section */
		A527EC60249C1BE300C360FE /* Resources */ = {
			isa = PBXResourcesBuildPhase;
			buildActionMask = 2147483647;
			files = (
				A527EC75249C1BE500C360FE /* LaunchScreen.storyboard in Resources */,
				A527EC72249C1BE500C360FE /* Assets.xcassets in Resources */,
				A527EC6D249C1BE300C360FE /* Main.storyboard in Resources */,
			);
			runOnlyForDeploymentPostprocessing = 0;
		};
/* End PBXResourcesBuildPhase section */

/* Begin PBXShellScriptBuildPhase section */
		A85D82B55302715FC3A720BD /* [CP] Embed Pods Frameworks */ = {
			isa = PBXShellScriptBuildPhase;
			buildActionMask = 2147483647;
			files = (
			);
			inputFileListPaths = (
				"${PODS_ROOT}/Target Support Files/Pods-Quick Fitness/Pods-Quick Fitness-frameworks-${CONFIGURATION}-input-files.xcfilelist",
			);
			name = "[CP] Embed Pods Frameworks";
			outputFileListPaths = (
				"${PODS_ROOT}/Target Support Files/Pods-Quick Fitness/Pods-Quick Fitness-frameworks-${CONFIGURATION}-output-files.xcfilelist",
			);
			runOnlyForDeploymentPostprocessing = 0;
			shellPath = /bin/sh;
			shellScript = "\"${PODS_ROOT}/Target Support Files/Pods-Quick Fitness/Pods-Quick Fitness-frameworks.sh\"\n";
			showEnvVarsInLog = 0;
		};
		C0989D9B5BABC50EF7A51AD8 /* [CP] Check Pods Manifest.lock */ = {
			isa = PBXShellScriptBuildPhase;
			buildActionMask = 2147483647;
			files = (
			);
			inputFileListPaths = (
			);
			inputPaths = (
				"${PODS_PODFILE_DIR_PATH}/Podfile.lock",
				"${PODS_ROOT}/Manifest.lock",
			);
			name = "[CP] Check Pods Manifest.lock";
			outputFileListPaths = (
			);
			outputPaths = (
				"$(DERIVED_FILE_DIR)/Pods-Quick Fitness-checkManifestLockResult.txt",
			);
			runOnlyForDeploymentPostprocessing = 0;
			shellPath = /bin/sh;
			shellScript = "diff \"${PODS_PODFILE_DIR_PATH}/Podfile.lock\" \"${PODS_ROOT}/Manifest.lock\" > /dev/null\nif [ $? != 0 ] ; then\n    # print error to STDERR\n    echo \"error: The sandbox is not in sync with the Podfile.lock. Run 'pod install' or update your CocoaPods installation.\" >&2\n    exit 1\nfi\n# This output is used by Xcode 'outputs' to avoid re-running this script phase.\necho \"SUCCESS\" > \"${SCRIPT_OUTPUT_FILE_0}\"\n";
			showEnvVarsInLog = 0;
		};
/* End PBXShellScriptBuildPhase section */

/* Begin PBXSourcesBuildPhase section */
		A527EC5E249C1BE300C360FE /* Sources */ = {
			isa = PBXSourcesBuildPhase;
			buildActionMask = 2147483647;
			files = (
				A566F7A524B50F840051570F /* Routine+CoreDataClass.swift in Sources */,
				A527EC85249C24B800C360FE /* ExerciseSelector.swift in Sources */,
				A5B7C64924B3CEA900A667A6 /* Exercise+CoreDataProperties.swift in Sources */,
				A5B7C64824B3CEA900A667A6 /* Exercise+CoreDataClass.swift in Sources */,
				A527EC6A249C1BE300C360FE /* ViewController.swift in Sources */,
				A566F7A624B50F840051570F /* Routine+CoreDataProperties.swift in Sources */,
				A527EC66249C1BE300C360FE /* AppDelegate.swift in Sources */,
				A566F7AA24B518F90051570F /* AddsExercises.swift in Sources */,
				A527EC68249C1BE300C360FE /* SceneDelegate.swift in Sources */,
				A527EC83249C222100C360FE /* ExerciseMaker.swift in Sources */,
				A5CB289024B3DBD900AFB7FA /* Settings+CoreDataProperties.swift in Sources */,
				A527EC70249C1BE300C360FE /* Quick_Fitness.xcdatamodeld in Sources */,
				A527EC7D249C1CA000C360FE /* RoutineMaker.swift in Sources */,
				A527EC87249C293E00C360FE /* Planner.swift in Sources */,
				A5CB289124B3DBD900AFB7FA /* Settings+CoreDataClass.swift in Sources */,
				A5CB288C24B3D4E500AFB7FA /* SettingsTableViewController.swift in Sources */,
				A531B325249D610B00937344 /* MyRoutines.swift in Sources */,
				A5B7C61924B3B73200A667A6 /* CoreDataManager.swift in Sources */,
			);
			runOnlyForDeploymentPostprocessing = 0;
		};
/* End PBXSourcesBuildPhase section */

/* Begin PBXVariantGroup section */
		A527EC6B249C1BE300C360FE /* Main.storyboard */ = {
			isa = PBXVariantGroup;
			children = (
				A527EC6C249C1BE300C360FE /* Base */,
			);
			name = Main.storyboard;
			sourceTree = "<group>";
		};
		A527EC73249C1BE500C360FE /* LaunchScreen.storyboard */ = {
			isa = PBXVariantGroup;
			children = (
				A527EC74249C1BE500C360FE /* Base */,
			);
			name = LaunchScreen.storyboard;
			sourceTree = "<group>";
		};
/* End PBXVariantGroup section */

/* Begin XCBuildConfiguration section */
		A527EC77249C1BE500C360FE /* Debug */ = {
			isa = XCBuildConfiguration;
			buildSettings = {
				ALWAYS_SEARCH_USER_PATHS = NO;
				CLANG_ANALYZER_NONNULL = YES;
				CLANG_ANALYZER_NUMBER_OBJECT_CONVERSION = YES_AGGRESSIVE;
				CLANG_CXX_LANGUAGE_STANDARD = "gnu++14";
				CLANG_CXX_LIBRARY = "libc++";
				CLANG_ENABLE_MODULES = YES;
				CLANG_ENABLE_OBJC_ARC = YES;
				CLANG_ENABLE_OBJC_WEAK = YES;
				CLANG_WARN_BLOCK_CAPTURE_AUTORELEASING = YES;
				CLANG_WARN_BOOL_CONVERSION = YES;
				CLANG_WARN_COMMA = YES;
				CLANG_WARN_CONSTANT_CONVERSION = YES;
				CLANG_WARN_DEPRECATED_OBJC_IMPLEMENTATIONS = YES;
				CLANG_WARN_DIRECT_OBJC_ISA_USAGE = YES_ERROR;
				CLANG_WARN_DOCUMENTATION_COMMENTS = YES;
				CLANG_WARN_EMPTY_BODY = YES;
				CLANG_WARN_ENUM_CONVERSION = YES;
				CLANG_WARN_INFINITE_RECURSION = YES;
				CLANG_WARN_INT_CONVERSION = YES;
				CLANG_WARN_NON_LITERAL_NULL_CONVERSION = YES;
				CLANG_WARN_OBJC_IMPLICIT_RETAIN_SELF = YES;
				CLANG_WARN_OBJC_LITERAL_CONVERSION = YES;
				CLANG_WARN_OBJC_ROOT_CLASS = YES_ERROR;
				CLANG_WARN_RANGE_LOOP_ANALYSIS = YES;
				CLANG_WARN_STRICT_PROTOTYPES = YES;
				CLANG_WARN_SUSPICIOUS_MOVE = YES;
				CLANG_WARN_UNGUARDED_AVAILABILITY = YES_AGGRESSIVE;
				CLANG_WARN_UNREACHABLE_CODE = YES;
				CLANG_WARN__DUPLICATE_METHOD_MATCH = YES;
				COPY_PHASE_STRIP = NO;
				DEBUG_INFORMATION_FORMAT = dwarf;
				ENABLE_STRICT_OBJC_MSGSEND = YES;
				ENABLE_TESTABILITY = YES;
				GCC_C_LANGUAGE_STANDARD = gnu11;
				GCC_DYNAMIC_NO_PIC = NO;
				GCC_NO_COMMON_BLOCKS = YES;
				GCC_OPTIMIZATION_LEVEL = 0;
				GCC_PREPROCESSOR_DEFINITIONS = (
					"DEBUG=1",
					"$(inherited)",
				);
				GCC_WARN_64_TO_32_BIT_CONVERSION = YES;
				GCC_WARN_ABOUT_RETURN_TYPE = YES_ERROR;
				GCC_WARN_UNDECLARED_SELECTOR = YES;
				GCC_WARN_UNINITIALIZED_AUTOS = YES_AGGRESSIVE;
				GCC_WARN_UNUSED_FUNCTION = YES;
				GCC_WARN_UNUSED_VARIABLE = YES;
				IPHONEOS_DEPLOYMENT_TARGET = 13.5;
				MTL_ENABLE_DEBUG_INFO = INCLUDE_SOURCE;
				MTL_FAST_MATH = YES;
				ONLY_ACTIVE_ARCH = YES;
				SDKROOT = iphoneos;
				SWIFT_ACTIVE_COMPILATION_CONDITIONS = DEBUG;
				SWIFT_OPTIMIZATION_LEVEL = "-Onone";
			};
			name = Debug;
		};
		A527EC78249C1BE500C360FE /* Release */ = {
			isa = XCBuildConfiguration;
			buildSettings = {
				ALWAYS_SEARCH_USER_PATHS = NO;
				CLANG_ANALYZER_NONNULL = YES;
				CLANG_ANALYZER_NUMBER_OBJECT_CONVERSION = YES_AGGRESSIVE;
				CLANG_CXX_LANGUAGE_STANDARD = "gnu++14";
				CLANG_CXX_LIBRARY = "libc++";
				CLANG_ENABLE_MODULES = YES;
				CLANG_ENABLE_OBJC_ARC = YES;
				CLANG_ENABLE_OBJC_WEAK = YES;
				CLANG_WARN_BLOCK_CAPTURE_AUTORELEASING = YES;
				CLANG_WARN_BOOL_CONVERSION = YES;
				CLANG_WARN_COMMA = YES;
				CLANG_WARN_CONSTANT_CONVERSION = YES;
				CLANG_WARN_DEPRECATED_OBJC_IMPLEMENTATIONS = YES;
				CLANG_WARN_DIRECT_OBJC_ISA_USAGE = YES_ERROR;
				CLANG_WARN_DOCUMENTATION_COMMENTS = YES;
				CLANG_WARN_EMPTY_BODY = YES;
				CLANG_WARN_ENUM_CONVERSION = YES;
				CLANG_WARN_INFINITE_RECURSION = YES;
				CLANG_WARN_INT_CONVERSION = YES;
				CLANG_WARN_NON_LITERAL_NULL_CONVERSION = YES;
				CLANG_WARN_OBJC_IMPLICIT_RETAIN_SELF = YES;
				CLANG_WARN_OBJC_LITERAL_CONVERSION = YES;
				CLANG_WARN_OBJC_ROOT_CLASS = YES_ERROR;
				CLANG_WARN_RANGE_LOOP_ANALYSIS = YES;
				CLANG_WARN_STRICT_PROTOTYPES = YES;
				CLANG_WARN_SUSPICIOUS_MOVE = YES;
				CLANG_WARN_UNGUARDED_AVAILABILITY = YES_AGGRESSIVE;
				CLANG_WARN_UNREACHABLE_CODE = YES;
				CLANG_WARN__DUPLICATE_METHOD_MATCH = YES;
				COPY_PHASE_STRIP = NO;
				DEBUG_INFORMATION_FORMAT = "dwarf-with-dsym";
				ENABLE_NS_ASSERTIONS = NO;
				ENABLE_STRICT_OBJC_MSGSEND = YES;
				GCC_C_LANGUAGE_STANDARD = gnu11;
				GCC_NO_COMMON_BLOCKS = YES;
				GCC_WARN_64_TO_32_BIT_CONVERSION = YES;
				GCC_WARN_ABOUT_RETURN_TYPE = YES_ERROR;
				GCC_WARN_UNDECLARED_SELECTOR = YES;
				GCC_WARN_UNINITIALIZED_AUTOS = YES_AGGRESSIVE;
				GCC_WARN_UNUSED_FUNCTION = YES;
				GCC_WARN_UNUSED_VARIABLE = YES;
				IPHONEOS_DEPLOYMENT_TARGET = 13.5;
				MTL_ENABLE_DEBUG_INFO = NO;
				MTL_FAST_MATH = YES;
				SDKROOT = iphoneos;
				SWIFT_COMPILATION_MODE = wholemodule;
				SWIFT_OPTIMIZATION_LEVEL = "-O";
				VALIDATE_PRODUCT = YES;
			};
			name = Release;
		};
		A527EC7A249C1BE500C360FE /* Debug */ = {
			isa = XCBuildConfiguration;
			baseConfigurationReference = 5B709DB07325F9975368ADD9 /* Pods-Quick Fitness.debug.xcconfig */;
			buildSettings = {
				ALWAYS_EMBED_SWIFT_STANDARD_LIBRARIES = "$(inherited)";
				ASSETCATALOG_COMPILER_APPICON_NAME = AppIcon;
				CODE_SIGN_STYLE = Automatic;
				DEVELOPMENT_TEAM = RY43KC8894;
				FRAMEWORK_SEARCH_PATHS = "$(inherited)";
				INFOPLIST_FILE = "Quick Fitness/Info.plist";
				LD_RUNPATH_SEARCH_PATHS = (
					"$(inherited)",
					"@executable_path/Frameworks",
				);
				PRODUCT_BUNDLE_IDENTIFIER = "Andrew-Hill.Quick-Fitness";
				PRODUCT_NAME = "Quick Fitness";
				SWIFT_VERSION = 5.0;
				TARGETED_DEVICE_FAMILY = "1,2";
			};
			name = Debug;
		};
		A527EC7B249C1BE500C360FE /* Release */ = {
			isa = XCBuildConfiguration;
			baseConfigurationReference = 41F13AFE183C73E46F69A8B0 /* Pods-Quick Fitness.release.xcconfig */;
			buildSettings = {
				ALWAYS_EMBED_SWIFT_STANDARD_LIBRARIES = "$(inherited)";
				ASSETCATALOG_COMPILER_APPICON_NAME = AppIcon;
				CODE_SIGN_STYLE = Automatic;
				DEVELOPMENT_TEAM = RY43KC8894;
				FRAMEWORK_SEARCH_PATHS = "$(inherited)";
				INFOPLIST_FILE = "Quick Fitness/Info.plist";
				LD_RUNPATH_SEARCH_PATHS = (
					"$(inherited)",
					"@executable_path/Frameworks",
				);
				PRODUCT_BUNDLE_IDENTIFIER = "Andrew-Hill.Quick-Fitness";
				PRODUCT_NAME = "Quick Fitness";
				SWIFT_VERSION = 5.0;
				TARGETED_DEVICE_FAMILY = "1,2";
			};
			name = Release;
		};
/* End XCBuildConfiguration section */

/* Begin XCConfigurationList section */
		A527EC5D249C1BE300C360FE /* Build configuration list for PBXProject "Quick Fitness" */ = {
			isa = XCConfigurationList;
			buildConfigurations = (
				A527EC77249C1BE500C360FE /* Debug */,
				A527EC78249C1BE500C360FE /* Release */,
			);
			defaultConfigurationIsVisible = 0;
			defaultConfigurationName = Release;
		};
		A527EC79249C1BE500C360FE /* Build configuration list for PBXNativeTarget "Quick Fitness" */ = {
			isa = XCConfigurationList;
			buildConfigurations = (
				A527EC7A249C1BE500C360FE /* Debug */,
				A527EC7B249C1BE500C360FE /* Release */,
			);
			defaultConfigurationIsVisible = 0;
			defaultConfigurationName = Release;
		};
/* End XCConfigurationList section */

/* Begin XCVersionGroup section */
		A527EC6E249C1BE300C360FE /* Quick_Fitness.xcdatamodeld */ = {
			isa = XCVersionGroup;
			children = (
				A527EC6F249C1BE300C360FE /* ReciPlan.xcdatamodel */,
			);
			currentVersion = A527EC6F249C1BE300C360FE /* ReciPlan.xcdatamodel */;
			path = Quick_Fitness.xcdatamodeld;
			sourceTree = "<group>";
			versionGroupType = wrapper.xcdatamodel;
		};
/* End XCVersionGroup section */
	};
	rootObject = A527EC5A249C1BE300C360FE /* Project object */;
}
